
Microsoft Visual Studio Solution File, Format Version 12.00
# Visual Studio Version 16
VisualStudioVersion = 16.0.31105.61
MinimumVisualStudioVersion = 10.0.40219.1
Project("{FAE04EC0-301F-11D3-BF4B-00C04F79EFBC}") = "Lectionary", "Lectionary\Lectionary.csproj", "{DDC600A8-5DCC-474A-A0B3-D09294351124}"
EndProject
Global
	GlobalSection(SolutionConfigurationPlatforms) = preSolution
		Debug|Any CPU = Debug|Any CPU
		Release|Any CPU = Release|Any CPU
	EndGlobalSection
	GlobalSection(ProjectConfigurationPlatforms) = postSolution
		{DDC600A8-5DCC-474A-A0B3-D09294351124}.Debug|Any CPU.ActiveCfg = Debug|Any CPU
		{DDC600A8-5DCC-474A-A0B3-D09294351124}.Debug|Any CPU.Build.0 = Debug|Any CPU
		{DDC600A8-5DCC-474A-A0B3-D09294351124}.Release|Any CPU.ActiveCfg = Release|Any CPU
		{DDC600A8-5DCC-474A-A0B3-D09294351124}.Release|Any CPU.Build.0 = Release|Any CPU
	EndGlobalSection
	GlobalSection(SolutionProperties) = preSolution
		HideSolutionNode = FALSE
	EndGlobalSection
	GlobalSection(ExtensibilityGlobals) = postSolution
		SolutionGuid = {E635C745-CE16-4F52-98F4-50B533AF3B74}
	EndGlobalSection
EndGlobal
